
Microsoft Visual Studio Solution File, Format Version 12.00
# Visual Studio Version 17
VisualStudioVersion = 17.1.32228.430
MinimumVisualStudioVersion = 10.0.40219.1
Project("{8BC9CEB8-8B4A-11D0-8D11-00A0C91BC942}") = "ValidateBinarySearchTree", "ValidateBinarySearchTree\ValidateBinarySearchTree.vcxproj", "{48CBB02E-B7BA-4FA9-A9CF-1E6BE53ED911}"
	ProjectSection(ProjectDependencies) = postProject
		{3547B9B8-161E-4B10-A81F-416C3B05E81E} = {3547B9B8-161E-4B10-A81F-416C3B05E81E}
	EndProjectSection
EndProject
Project("{8BC9CEB8-8B4A-11D0-8D11-00A0C91BC942}") = "Common", "Common\Common.vcxproj", "{3547B9B8-161E-4B10-A81F-416C3B05E81E}"
EndProject
Project("{8BC9CEB8-8B4A-11D0-8D11-00A0C91BC942}") = "SymmetricTree", "SymmetricTree\SymmetricTree.vcxproj", "{80708887-50DE-4942-B25E-7AF406ED566F}"
	ProjectSection(ProjectDependencies) = postProject
		{3547B9B8-161E-4B10-A81F-416C3B05E81E} = {3547B9B8-161E-4B10-A81F-416C3B05E81E}
	EndProjectSection
EndProject
Project("{8BC9CEB8-8B4A-11D0-8D11-00A0C91BC942}") = "BinaryTreeLevelOrderTraversal", "BinaryTreeLevelOrderTraversal\BinaryTreeLevelOrderTraversal.vcxproj", "{7AF0A324-3059-42F7-89B5-7BA70CEA2DB3}"
EndProject
Project("{8BC9CEB8-8B4A-11D0-8D11-00A0C91BC942}") = "ConvertSortedArraytoBinarySearchTree", "ConvertSortedArraytoBinarySearchTree\ConvertSortedArraytoBinarySearchTree.vcxproj", "{9A59EE3C-48EA-4FE2-A7D2-657CF853D930}"
EndProject
Global
	GlobalSection(SolutionConfigurationPlatforms) = preSolution
		Debug|x64 = Debug|x64
		Debug|x86 = Debug|x86
		Release|x64 = Release|x64
		Release|x86 = Release|x86
	EndGlobalSection
	GlobalSection(ProjectConfigurationPlatforms) = postSolution
		{48CBB02E-B7BA-4FA9-A9CF-1E6BE53ED911}.Debug|x64.ActiveCfg = Debug|x64
		{48CBB02E-B7BA-4FA9-A9CF-1E6BE53ED911}.Debug|x64.Build.0 = Debug|x64
		{48CBB02E-B7BA-4FA9-A9CF-1E6BE53ED911}.Debug|x86.ActiveCfg = Debug|Win32
		{48CBB02E-B7BA-4FA9-A9CF-1E6BE53ED911}.Debug|x86.Build.0 = Debug|Win32
		{48CBB02E-B7BA-4FA9-A9CF-1E6BE53ED911}.Release|x64.ActiveCfg = Release|x64
		{48CBB02E-B7BA-4FA9-A9CF-1E6BE53ED911}.Release|x64.Build.0 = Release|x64
		{48CBB02E-B7BA-4FA9-A9CF-1E6BE53ED911}.Release|x86.ActiveCfg = Release|Win32
		{48CBB02E-B7BA-4FA9-A9CF-1E6BE53ED911}.Release|x86.Build.0 = Release|Win32
		{3547B9B8-161E-4B10-A81F-416C3B05E81E}.Debug|x64.ActiveCfg = Debug|x64
		{3547B9B8-161E-4B10-A81F-416C3B05E81E}.Debug|x64.Build.0 = Debug|x64
		{3547B9B8-161E-4B10-A81F-416C3B05E81E}.Debug|x86.ActiveCfg = Debug|Win32
		{3547B9B8-161E-4B10-A81F-416C3B05E81E}.Debug|x86.Build.0 = Debug|Win32
		{3547B9B8-161E-4B10-A81F-416C3B05E81E}.Release|x64.ActiveCfg = Release|x64
		{3547B9B8-161E-4B10-A81F-416C3B05E81E}.Release|x64.Build.0 = Release|x64
		{3547B9B8-161E-4B10-A81F-416C3B05E81E}.Release|x86.ActiveCfg = Release|Win32
		{3547B9B8-161E-4B10-A81F-416C3B05E81E}.Release|x86.Build.0 = Release|Win32
		{80708887-50DE-4942-B25E-7AF406ED566F}.Debug|x64.ActiveCfg = Debug|x64
		{80708887-50DE-4942-B25E-7AF406ED566F}.Debug|x64.Build.0 = Debug|x64
		{80708887-50DE-4942-B25E-7AF406ED566F}.Debug|x86.ActiveCfg = Debug|Win32
		{80708887-50DE-4942-B25E-7AF406ED566F}.Debug|x86.Build.0 = Debug|Win32
		{80708887-50DE-4942-B25E-7AF406ED566F}.Release|x64.ActiveCfg = Release|x64
		{80708887-50DE-4942-B25E-7AF406ED566F}.Release|x64.Build.0 = Release|x64
		{80708887-50DE-4942-B25E-7AF406ED566F}.Release|x86.ActiveCfg = Release|Win32
		{80708887-50DE-4942-B25E-7AF406ED566F}.Release|x86.Build.0 = Release|Win32
		{7AF0A324-3059-42F7-89B5-7BA70CEA2DB3}.Debug|x64.ActiveCfg = Debug|x64
		{7AF0A324-3059-42F7-89B5-7BA70CEA2DB3}.Debug|x64.Build.0 = Debug|x64
		{7AF0A324-3059-42F7-89B5-7BA70CEA2DB3}.Debug|x86.ActiveCfg = Debug|Win32
		{7AF0A324-3059-42F7-89B5-7BA70CEA2DB3}.Debug|x86.Build.0 = Debug|Win32
		{7AF0A324-3059-42F7-89B5-7BA70CEA2DB3}.Release|x64.ActiveCfg = Release|x64
		{7AF0A324-3059-42F7-89B5-7BA70CEA2DB3}.Release|x64.Build.0 = Release|x64
		{7AF0A324-3059-42F7-89B5-7BA70CEA2DB3}.Release|x86.ActiveCfg = Release|Win32
		{7AF0A324-3059-42F7-89B5-7BA70CEA2DB3}.Release|x86.Build.0 = Release|Win32
		{9A59EE3C-48EA-4FE2-A7D2-657CF853D930}.Debug|x64.ActiveCfg = Debug|x64
		{9A59EE3C-48EA-4FE2-A7D2-657CF853D930}.Debug|x64.Build.0 = Debug|x64
		{9A59EE3C-48EA-4FE2-A7D2-657CF853D930}.Debug|x86.ActiveCfg = Debug|Win32
		{9A59EE3C-48EA-4FE2-A7D2-657CF853D930}.Debug|x86.Build.0 = Debug|Win32
		{9A59EE3C-48EA-4FE2-A7D2-657CF853D930}.Release|x64.ActiveCfg = Release|x64
		{9A59EE3C-48EA-4FE2-A7D2-657CF853D930}.Release|x64.Build.0 = Release|x64
		{9A59EE3C-48EA-4FE2-A7D2-657CF853D930}.Release|x86.ActiveCfg = Release|Win32
		{9A59EE3C-48EA-4FE2-A7D2-657CF853D930}.Release|x86.Build.0 = Release|Win32
	EndGlobalSection
	GlobalSection(SolutionProperties) = preSolution
		HideSolutionNode = FALSE
	EndGlobalSection
	GlobalSection(ExtensibilityGlobals) = postSolution
		SolutionGuid = {FD50D3DA-2F35-457D-BD25-05BA5098657F}
	EndGlobalSection
EndGlobal
